PODS:
  - Flutter (1.0.0)
  - integration_test (0.0.1):
    - Flutter
  - ScateSDK (6.0.0)
  - scatesdk_flutter (6.0.0):
    - Flutter
    - ScateSDK (= 6.0.0)

DEPENDENCIES:
  - Flutter (from `Flutter`)
  - integration_test (from `.symlinks/plugins/integration_test/ios`)
  - ScateSDK (from `https://raw.githubusercontent.com/scate-io/ScateSDK-ios/v6.0.0/ScateSDK.podspec`)
  - scatesdk_flutter (from `.symlinks/plugins/scatesdk_flutter/ios`)

EXTERNAL SOURCES:
  Flutter:
    :path: Flutter
  integration_test:
    :path: ".symlinks/plugins/integration_test/ios"
  ScateSDK:
    :podspec: https://raw.githubusercontent.com/scate-io/ScateSDK-ios/v6.0.0/ScateSDK.podspec
  scatesdk_flutter:
    :path: ".symlinks/plugins/scatesdk_flutter/ios"

SPEC CHECKSUMS:
  Flutter: cabc95a1d2626b1b06e7179b784ebcf0c0cde467
  integration_test: 4a889634ef21a45d28d50d622cf412dc6d9f586e
  ScateSDK: 9c4f5c4a23335f299236e463b53cc21e8998282c
  scatesdk_flutter: 50e9e26e1b5b01111f7eb7ed33761580dca11ba0

PODFILE CHECKSUM: 33faa7c5f0071991f5d203fd143d8a77f1bd975f

COCOAPODS: 1.16.2
